// !$*UTF8*$!
{
	archiveVersion = 1;
	classes = {
	};
	objectVersion = 46;
	objects = {

/* Begin PBXBuildFile section */
		D1A7865B1B90851500D5EC47 /* main.cpp in Sources */ = {isa = PBXBuildFile; fileRef = D1A7865A1B90851500D5EC47 /* main.cpp */; };
/* End PBXBuildFile section */

/* Begin PBXCopyFilesBuildPhase section */
		D1A786551B90851500D5EC47 /* CopyFiles */ = {
			isa = PBXCopyFilesBuildPhase;
			buildActionMask = 2147483647;
			dstPath = /usr/share/man/man1/;
			dstSubfolderSpec = 0;
			files = (
			);
			runOnlyForDeploymentPostprocessing = 1;
		};
/* End PBXCopyFilesBuildPhase section */

/* Begin PBXFileReference section */
		D1A786571B90851500D5EC47 /* softsoil */ = {isa = PBXFileReference; explicitFileType = "compiled.mach-o.executable"; includeInIndex = 0; path = softsoil; sourceTree = BUILT_PRODUCTS_DIR; };
		D1A7865A1B90851500D5EC47 /* main.cpp */ = {isa = PBXFileReference; lastKnownFileType = sourcecode.cpp.cpp; path = main.cpp; sourceTree = "<group>"; };
/* End PBXFileReference section */

/* Begin PBXFrameworksBuildPhase section */
		D1A786541B90851500D5EC47 /* Frameworks */ = {
			isa = PBXFrameworksBuildPhase;
			buildActionMask = 2147483647;
			files = (
			);
			runOnlyForDeploymentPostprocessing = 0;
		};
/* End PBXFrameworksBuildPhase section */

/* Begin PBXGroup section */
		D1A7864E1B90851500D5EC47 = {
			isa = PBXGroup;
			children = (
				D1A786591B90851500D5EC47 /* softsoil */,
				D1A786581B90851500D5EC47 /* Products */,
			);
			sourceTree = "<group>";
		};
		D1A786581B90851500D5EC47 /* Products */ = {
			isa = PBXGroup;
			children = (
				D1A786571B90851500D5EC47 /* softsoil */,
			);
			name = Products;
			sourceTree = "<group>";
		};
		D1A786591B90851500D5EC47 /* softsoil */ = {
			isa = PBXGroup;
			children = (
				D1A7865A1B90851500D5EC47 /* main.cpp */,
			);
			path = softsoil;
			sourceTree = "<group>";
		};
/* End PBXGroup section */

/* Begin PBXNativeTarget section */
		D1A786561B90851500D5EC47 /* softsoil */ = {
			isa = PBXNativeTarget;
			buildConfigurationList = D1A7865E1B90851500D5EC47 /* Build configuration list for PBXNativeTarget "softsoil" */;
			buildPhases = (
				D1A786531B90851500D5EC47 /* Sources */,
				D1A786541B90851500D5EC47 /* Frameworks */,
				D1A786551B90851500D5EC47 /* CopyFiles */,
			);
			buildRules = (
			);
			dependencies = (
			);
			name = softsoil;
			productName = softsoil;
			productReference = D1A786571B90851500D5EC47 /* softsoil */;
			productType = "com.apple.product-type.tool";
		};
/* End PBXNativeTarget section */

/* Begin PBXProject section */
		D1A7864F1B90851500D5EC47 /* Project object */ = {
			isa = PBXProject;
			attributes = {
				LastUpgradeCheck = 0640;
				ORGANIZATIONNAME = "Nikolaj Hovmøller";
				TargetAttributes = {
					D1A786561B90851500D5EC47 = {
						CreatedOnToolsVersion = 6.4;
					};
				};
			};
			buildConfigurationList = D1A786521B90851500D5EC47 /* Build configuration list for PBXProject "softsoil" */;
			compatibilityVersion = "Xcode 3.2";
			developmentRegion = English;
			hasScannedForEncodings = 0;
			knownRegions = (
				en,
			);
			mainGroup = D1A7864E1B90851500D5EC47;
			productRefGroup = D1A786581B90851500D5EC47 /* Products */;
			projectDirPath = "";
			projectRoot = "";
			targets = (
				D1A786561B90851500D5EC47 /* softsoil */,
			);
		};
/* End PBXProject section */

/* Begin PBXSourcesBuildPhase section */
		D1A786531B90851500D5EC47 /* Sources */ = {
			isa = PBXSourcesBuildPhase;
			buildActionMask = 2147483647;
			files = (
				D1A7865B1B90851500D5EC47 /* main.cpp in Sources */,
			);
			runOnlyForDeploymentPostprocessing = 0;
		};
/* End PBXSourcesBuildPhase section */

/* Begin XCBuildConfiguration section */
		D1A7865C1B90851500D5EC47 /* Debug */ = {
			isa = XCBuildConfiguration;
			buildSettings = {
				ALWAYS_SEARCH_USER_PATHS = NO;
				CLANG_CXX_LANGUAGE_STANDARD = "gnu++0x";
				CLANG_ENABLE_MODULES = YES;
				CLANG_ENABLE_OBJC_ARC = YES;
				CLANG_WARN_BOOL_CONVERSION = YES;
				CLANG_WARN_CONSTANT_CONVERSION = YES;
				CLANG_WARN_DIRECT_OBJC_ISA_USAGE = YES_ERROR;
				CLANG_WARN_EMPTY_BODY = YES;
				CLANG_WARN_ENUM_CONVERSION = YES;
				CLANG_WARN_INT_CONVERSION = YES;
				CLANG_WARN_OBJC_ROOT_CLASS = YES_ERROR;
				CLANG_WARN_UNREACHABLE_CODE = YES;
				CLANG_WARN__DUPLICATE_METHOD_MATCH = YES;
				COPY_PHASE_STRIP = NO;
				DEBUG_INFORMATION_FORMAT = dwarf;
				ENABLE_STRICT_OBJC_MSGSEND = YES;
				GCC_C_LANGUAGE_STANDARD = gnu99;
				GCC_DYNAMIC_NO_PIC = NO;
				GCC_NO_COMMON_BLOCKS = YES;
				GCC_OPTIMIZATION_LEVEL = 0;
				GCC_PREPROCESSOR_DEFINITIONS = (
					"DEBUG=1",
					"$(inherited)",
				);
				GCC_SYMBOLS_PRIVATE_EXTERN = NO;
				GCC_WARN_64_TO_32_BIT_CONVERSION = YES;
				GCC_WARN_ABOUT_RETURN_TYPE = YES_ERROR;
				GCC_WARN_UNDECLARED_SELECTOR = YES;
				GCC_WARN_UNINITIALIZED_AUTOS = YES_AGGRESSIVE;
				GCC_WARN_UNUSED_FUNCTION = YES;
				GCC_WARN_UNUSED_VARIABLE = YES;
				MACOSX_DEPLOYMENT_TARGET = 10.10;
				MTL_ENABLE_DEBUG_INFO = YES;
				ONLY_ACTIVE_ARCH = YES;
				SDKROOT = macosx;
			};
			name = Debug;
		};
		D1A7865D1B90851500D5EC47 /* Release */ = {
			isa = XCBuildConfiguration;
			buildSettings = {
				ALWAYS_SEARCH_USER_PATHS = NO;
				CLANG_CXX_LANGUAGE_STANDARD = "gnu++0x";
				CLANG_ENABLE_MODULES = YES;
				CLANG_ENABLE_OBJC_ARC = YES;
				CLANG_WARN_BOOL_CONVERSION = YES;
				CLANG_WARN_CONSTANT_CONVERSION = YES;
				CLANG_WARN_DIRECT_OBJC_ISA_USAGE = YES_ERROR;
				CLANG_WARN_EMPTY_BODY = YES;
				CLANG_WARN_ENUM_CONVERSION = YES;
				CLANG_WARN_INT_CONVERSION = YES;
				CLANG_WARN_OBJC_ROOT_CLASS = YES_ERROR;
				CLANG_WARN_UNREACHABLE_CODE = YES;
				CLANG_WARN__DUPLICATE_METHOD_MATCH = YES;
				COPY_PHASE_STRIP = NO;
				DEBUG_INFORMATION_FORMAT = "dwarf-with-dsym";
				ENABLE_NS_ASSERTIONS = NO;
				ENABLE_STRICT_OBJC_MSGSEND = YES;
				GCC_C_LANGUAGE_STANDARD = gnu99;
				GCC_NO_COMMON_BLOCKS = YES;
				GCC_WARN_64_TO_32_BIT_CONVERSION = YES;
				GCC_WARN_ABOUT_RETURN_TYPE = YES_ERROR;
				GCC_WARN_UNDECLARED_SELECTOR = YES;
				GCC_WARN_UNINITIALIZED_AUTOS = YES_AGGRESSIVE;
				GCC_WARN_UNUSED_FUNCTION = YES;
				GCC_WARN_UNUSED_VARIABLE = YES;
				MACOSX_DEPLOYMENT_TARGET = 10.10;
				MTL_ENABLE_DEBUG_INFO = NO;
				SDKROOT = macosx;
			};
			name = Release;
		};
		D1A7865F1B90851500D5EC47 /* Debug */ = {
			isa = XCBuildConfiguration;
			buildSettings = {
				COMBINE_HIDPI_IMAGES = YES;
				GCC_INLINES_ARE_PRIVATE_EXTERN = NO;
				GCC_PREPROCESSOR_DEFINITIONS = BP_USE_FIXEDPOINT_INT_32;
				GCC_VERSION = 5.2;
				HEADER_SEARCH_PATHS = (
					"$(inherited)",
					/Applications/Xcode.app/Contents/Developer/Toolchains/XcodeDefault.xctoolchain/usr/include,
					../dependencies/chrono/src/chrono/collision/convexdecomposition/HACD,
					../dependencies/chrono/src/chrono/collision/gimpact,
					../dependencies/chrono/src/chrono/collision/bullet,
					../dependencies/chrono/src/chrono,
					../dependencies/chrono/src,
					../dependencies/irrlicht/include,
				);
				OTHER_CPLUSPLUSFLAGS = (
					"$(OTHER_CFLAGS)",
					"-DAPPLE",
					"-D__APPLE__",
					"-fpermissive",
					"-D__DEBUG__",
					"-DDEBUG",
				);
				OTHER_LDFLAGS = (
					"-Wl,-search_paths_first",
					"-Wl,-headerpad_max_install_names",
					../dependencies/irrlicht/lib/MacOS/libIrrlicht.a,
					../dependencies/chrono/lib/Debug/libChronoEngine.dylib,
					../dependencies/chrono/lib/Debug/libChronoEngine_irrlicht.dylib,
					"-framework",
					Cocoa,
					"-framework",
					OpenGL,
					"-framework",
					IOKit,
					"-framework",
					Carbon,
				);
				PRODUCT_NAME = "$(TARGET_NAME)";
				SDKROOT = macosx10.9;
			};
			name = Debug;
		};
		D1A786601B90851500D5EC47 /* Release */ = {
			isa = XCBuildConfiguration;
			buildSettings = {
				COMBINE_HIDPI_IMAGES = YES;
				GCC_INLINES_ARE_PRIVATE_EXTERN = NO;
				GCC_PREPROCESSOR_DEFINITIONS = BP_USE_FIXEDPOINT_INT_32;
				GCC_SYMBOLS_PRIVATE_EXTERN = NO;
				GCC_VERSION = 5.2;
				OTHER_CPLUSPLUSFLAGS = (
					"$(OTHER_CFLAGS)",
					"-DAPPLE",
					"-D__APPLE__",
					"-fpermissive",
					"-DNDEBUG",
					"-DNODEBUG",
				);
				PRODUCT_NAME = "$(TARGET_NAME)";
				SDKROOT = macosx10.9;
			};
			name = Release;
		};
/* End XCBuildConfiguration section */

/* Begin XCConfigurationList section */
		D1A786521B90851500D5EC47 /* Build configuration list for PBXProject "softsoil" */ = {
			isa = XCConfigurationList;
			buildConfigurations = (
				D1A7865C1B90851500D5EC47 /* Debug */,
				D1A7865D1B90851500D5EC47 /* Release */,
			);
			defaultConfigurationIsVisible = 0;
			defaultConfigurationName = Release;
		};
		D1A7865E1B90851500D5EC47 /* Build configuration list for PBXNativeTarget "softsoil" */ = {
			isa = XCConfigurationList;
			buildConfigurations = (
				D1A7865F1B90851500D5EC47 /* Debug */,
				D1A786601B90851500D5EC47 /* Release */,
			);
			defaultConfigurationIsVisible = 0;
		};
/* End XCConfigurationList section */
	};
	rootObject = D1A7864F1B90851500D5EC47 /* Project object */;
}
